// !$*UTF8*$!
{
	archiveVersion = 1;
	classes = {
	};
	objectVersion = 50;
	objects = {

/* Begin PBXBuildFile section */
		F77FD84E20B2A70300566C01 /* AppDelegate.m in Sources */ = {isa = PBXBuildFile; fileRef = F77FD84D20B2A70300566C01 /* AppDelegate.m */; };
		F77FD85120B2A70300566C01 /* ViewController.m in Sources */ = {isa = PBXBuildFile; fileRef = F77FD85020B2A70300566C01 /* ViewController.m */; };
		F77FD85420B2A70300566C01 /* Main.storyboard in Resources */ = {isa = PBXBuildFile; fileRef = F77FD85220B2A70300566C01 /* Main.storyboard */; };
		F77FD85620B2A70600566C01 /* Assets.xcassets in Resources */ = {isa = PBXBuildFile; fileRef = F77FD85520B2A70600566C01 /* Assets.xcassets */; };
		F77FD85920B2A70600566C01 /* LaunchScreen.storyboard in Resources */ = {isa = PBXBuildFile; fileRef = F77FD85720B2A70600566C01 /* LaunchScreen.storyboard */; };
		F77FD85C20B2A70600566C01 /* main.m in Sources */ = {isa = PBXBuildFile; fileRef = F77FD85B20B2A70600566C01 /* main.m */; };
		F77FD86420B2A72200566C01 /* Student.m in Sources */ = {isa = PBXBuildFile; fileRef = F77FD86320B2A72200566C01 /* Student.m */; };
		F77FD86720B2BF2600566C01 /* StudentForwarding.m in Sources */ = {isa = PBXBuildFile; fileRef = F77FD86620B2BF2600566C01 /* StudentForwarding.m */; };
		F77FD86E20B2C47000566C01 /* StudentNormalForwarding.m in Sources */ = {isa = PBXBuildFile; fileRef = F77FD86D20B2C47000566C01 /* StudentNormalForwarding.m */; };
		F77FD87120B2C84500566C01 /* NSObject+messageForwarding.m in Sources */ = {isa = PBXBuildFile; fileRef = F77FD87020B2C84500566C01 /* NSObject+messageForwarding.m */; };
/* End PBXBuildFile section */

/* Begin PBXFileReference section */
		F77FD84920B2A70300566C01 /* RuntimeMessageForwarding.app */ = {isa = PBXFileReference; explicitFileType = wrapper.application; includeInIndex = 0; path = RuntimeMessageForwarding.app; sourceTree = BUILT_PRODUCTS_DIR; };
		F77FD84C20B2A70300566C01 /* AppDelegate.h */ = {isa = PBXFileReference; lastKnownFileType = sourcecode.c.h; path = AppDelegate.h; sourceTree = "<group>"; };
		F77FD84D20B2A70300566C01 /* AppDelegate.m */ = {isa = PBXFileReference; lastKnownFileType = sourcecode.c.objc; path = AppDelegate.m; sourceTree = "<group>"; };
		F77FD84F20B2A70300566C01 /* ViewController.h */ = {isa = PBXFileReference; lastKnownFileType = sourcecode.c.h; path = ViewController.h; sourceTree = "<group>"; };
		F77FD85020B2A70300566C01 /* ViewController.m */ = {isa = PBXFileReference; lastKnownFileType = sourcecode.c.objc; path = ViewController.m; sourceTree = "<group>"; };
		F77FD85320B2A70300566C01 /* Base */ = {isa = PBXFileReference; lastKnownFileType = file.storyboard; name = Base; path = Base.lproj/Main.storyboard; sourceTree = "<group>"; };
		F77FD85520B2A70600566C01 /* Assets.xcassets */ = {isa = PBXFileReference; lastKnownFileType = folder.assetcatalog; path = Assets.xcassets; sourceTree = "<group>"; };
		F77FD85820B2A70600566C01 /* Base */ = {isa = PBXFileReference; lastKnownFileType = file.storyboard; name = Base; path = Base.lproj/LaunchScreen.storyboard; sourceTree = "<group>"; };
		F77FD85A20B2A70600566C01 /* Info.plist */ = {isa = PBXFileReference; lastKnownFileType = text.plist.xml; path = Info.plist; sourceTree = "<group>"; };
		F77FD85B20B2A70600566C01 /* main.m */ = {isa = PBXFileReference; lastKnownFileType = sourcecode.c.objc; path = main.m; sourceTree = "<group>"; };
		F77FD86220B2A72200566C01 /* Student.h */ = {isa = PBXFileReference; lastKnownFileType = sourcecode.c.h; path = Student.h; sourceTree = "<group>"; };
		F77FD86320B2A72200566C01 /* Student.m */ = {isa = PBXFileReference; lastKnownFileType = sourcecode.c.objc; path = Student.m; sourceTree = "<group>"; };
		F77FD86520B2BF2600566C01 /* StudentForwarding.h */ = {isa = PBXFileReference; lastKnownFileType = sourcecode.c.h; path = StudentForwarding.h; sourceTree = "<group>"; };
		F77FD86620B2BF2600566C01 /* StudentForwarding.m */ = {isa = PBXFileReference; lastKnownFileType = sourcecode.c.objc; path = StudentForwarding.m; sourceTree = "<group>"; };
		F77FD86C20B2C47000566C01 /* StudentNormalForwarding.h */ = {isa = PBXFileReference; lastKnownFileType = sourcecode.c.h; path = StudentNormalForwarding.h; sourceTree = "<group>"; };
		F77FD86D20B2C47000566C01 /* StudentNormalForwarding.m */ = {isa = PBXFileReference; lastKnownFileType = sourcecode.c.objc; path = StudentNormalForwarding.m; sourceTree = "<group>"; };
		F77FD86F20B2C84500566C01 /* NSObject+messageForwarding.h */ = {isa = PBXFileReference; lastKnownFileType = sourcecode.c.h; path = "NSObject+messageForwarding.h"; sourceTree = "<group>"; };
		F77FD87020B2C84500566C01 /* NSObject+messageForwarding.m */ = {isa = PBXFileReference; lastKnownFileType = sourcecode.c.objc; path = "NSObject+messageForwarding.m"; sourceTree = "<group>"; };
/* End PBXFileReference section */

/* Begin PBXFrameworksBuildPhase section */
		F77FD84620B2A70300566C01 /* Frameworks */ = {
			isa = PBXFrameworksBuildPhase;
			buildActionMask = 2147483647;
			files = (
			);
			runOnlyForDeploymentPostprocessing = 0;
		};
/* End PBXFrameworksBuildPhase section */

/* Begin PBXGroup section */
		F77FD84020B2A70300566C01 = {
			isa = PBXGroup;
			children = (
				F77FD84B20B2A70300566C01 /* RuntimeMessageForwarding */,
				F77FD84A20B2A70300566C01 /* Products */,
			);
			sourceTree = "<group>";
		};
		F77FD84A20B2A70300566C01 /* Products */ = {
			isa = PBXGroup;
			children = (
				F77FD84920B2A70300566C01 /* RuntimeMessageForwarding.app */,
			);
			name = Products;
			sourceTree = "<group>";
		};
		F77FD84B20B2A70300566C01 /* RuntimeMessageForwarding */ = {
			isa = PBXGroup;
			children = (
				F77FD86B20B2C07900566C01 /* MessageForwarding */,
				F77FD84C20B2A70300566C01 /* AppDelegate.h */,
				F77FD84D20B2A70300566C01 /* AppDelegate.m */,
				F77FD84F20B2A70300566C01 /* ViewController.h */,
				F77FD85020B2A70300566C01 /* ViewController.m */,
				F77FD85220B2A70300566C01 /* Main.storyboard */,
				F77FD85520B2A70600566C01 /* Assets.xcassets */,
				F77FD85720B2A70600566C01 /* LaunchScreen.storyboard */,
				F77FD85A20B2A70600566C01 /* Info.plist */,
				F77FD85B20B2A70600566C01 /* main.m */,
			);
			path = RuntimeMessageForwarding;
			sourceTree = "<group>";
		};
		F77FD86B20B2C07900566C01 /* MessageForwarding */ = {
			isa = PBXGroup;
			children = (
				F77FD86220B2A72200566C01 /* Student.h */,
				F77FD86320B2A72200566C01 /* Student.m */,
				F77FD86520B2BF2600566C01 /* StudentForwarding.h */,
				F77FD86620B2BF2600566C01 /* StudentForwarding.m */,
				F77FD86C20B2C47000566C01 /* StudentNormalForwarding.h */,
				F77FD86D20B2C47000566C01 /* StudentNormalForwarding.m */,
				F77FD86F20B2C84500566C01 /* NSObject+messageForwarding.h */,
				F77FD87020B2C84500566C01 /* NSObject+messageForwarding.m */,
			);
			path = MessageForwarding;
			sourceTree = "<group>";
		};
/* End PBXGroup section */

/* Begin PBXNativeTarget section */
		F77FD84820B2A70300566C01 /* RuntimeMessageForwarding */ = {
			isa = PBXNativeTarget;
			buildConfigurationList = F77FD85F20B2A70600566C01 /* Build configuration list for PBXNativeTarget "RuntimeMessageForwarding" */;
			buildPhases = (
				F77FD84520B2A70300566C01 /* Sources */,
				F77FD84620B2A70300566C01 /* Frameworks */,
				F77FD84720B2A70300566C01 /* Resources */,
			);
			buildRules = (
			);
			dependencies = (
			);
			name = RuntimeMessageForwarding;
			productName = RuntimeMessageForwarding;
			productReference = F77FD84920B2A70300566C01 /* RuntimeMessageForwarding.app */;
			productType = "com.apple.product-type.application";
		};
/* End PBXNativeTarget section */

/* Begin PBXProject section */
		F77FD84120B2A70300566C01 /* Project object */ = {
			isa = PBXProject;
			attributes = {
				LastUpgradeCheck = 0930;
				ORGANIZATIONNAME = leo;
				TargetAttributes = {
					F77FD84820B2A70300566C01 = {
						CreatedOnToolsVersion = 9.3;
					};
				};
			};
			buildConfigurationList = F77FD84420B2A70300566C01 /* Build configuration list for PBXProject "RuntimeMessageForwarding" */;
			compatibilityVersion = "Xcode 9.3";
			developmentRegion = en;
			hasScannedForEncodings = 0;
			knownRegions = (
				en,
				Base,
			);
			mainGroup = F77FD84020B2A70300566C01;
			productRefGroup = F77FD84A20B2A70300566C01 /* Products */;
			projectDirPath = "";
			projectRoot = "";
			targets = (
				F77FD84820B2A70300566C01 /* RuntimeMessageForwarding */,
			);
		};
/* End PBXProject section */

/* Begin PBXResourcesBuildPhase section */
		F77FD84720B2A70300566C01 /* Resources */ = {
			isa = PBXResourcesBuildPhase;
			buildActionMask = 2147483647;
			files = (
				F77FD85920B2A70600566C01 /* LaunchScreen.storyboard in Resources */,
				F77FD85620B2A70600566C01 /* Assets.xcassets in Resources */,
				F77FD85420B2A70300566C01 /* Main.storyboard in Resources */,
			);
			runOnlyForDeploymentPostprocessing = 0;
		};
/* End PBXResourcesBuildPhase section */

/* Begin PBXSourcesBuildPhase section */
		F77FD84520B2A70300566C01 /* Sources */ = {
			isa = PBXSourcesBuildPhase;
			buildActionMask = 2147483647;
			files = (
				F77FD86720B2BF2600566C01 /* StudentForwarding.m in Sources */,
				F77FD85120B2A70300566C01 /* ViewController.m in Sources */,
				F77FD85C20B2A70600566C01 /* main.m in Sources */,
				F77FD84E20B2A70300566C01 /* AppDelegate.m in Sources */,
				F77FD86420B2A72200566C01 /* Student.m in Sources */,
				F77FD87120B2C84500566C01 /* NSObject+messageForwarding.m in Sources */,
				F77FD86E20B2C47000566C01 /* StudentNormalForwarding.m in Sources */,
			);
			runOnlyForDeploymentPostprocessing = 0;
		};
/* End PBXSourcesBuildPhase section */

/* Begin PBXVariantGroup section */
		F77FD85220B2A70300566C01 /* Main.storyboard */ = {
			isa = PBXVariantGroup;
			children = (
				F77FD85320B2A70300566C01 /* Base */,
			);
			name = Main.storyboard;
			sourceTree = "<group>";
		};
		F77FD85720B2A70600566C01 /* LaunchScreen.storyboard */ = {
			isa = PBXVariantGroup;
			children = (
				F77FD85820B2A70600566C01 /* Base */,
			);
			name = LaunchScreen.storyboard;
			sourceTree = "<group>";
		};
/* End PBXVariantGroup section */

/* Begin XCBuildConfiguration section */
		F77FD85D20B2A70600566C01 /* Debug */ = {
			isa = XCBuildConfiguration;
			buildSettings = {
				ALWAYS_SEARCH_USER_PATHS = NO;
				CLANG_ANALYZER_NONNULL = YES;
				CLANG_ANALYZER_NUMBER_OBJECT_CONVERSION = YES_AGGRESSIVE;
				CLANG_CXX_LANGUAGE_STANDARD = "gnu++14";
				CLANG_CXX_LIBRARY = "libc++";
				CLANG_ENABLE_MODULES = YES;
				CLANG_ENABLE_OBJC_ARC = YES;
				CLANG_ENABLE_OBJC_WEAK = YES;
				CLANG_WARN_BLOCK_CAPTURE_AUTORELEASING = YES;
				CLANG_WARN_BOOL_CONVERSION = YES;
				CLANG_WARN_COMMA = YES;
				CLANG_WARN_CONSTANT_CONVERSION = YES;
				CLANG_WARN_DEPRECATED_OBJC_IMPLEMENTATIONS = YES;
				CLANG_WARN_DIRECT_OBJC_ISA_USAGE = YES_ERROR;
				CLANG_WARN_DOCUMENTATION_COMMENTS = YES;
				CLANG_WARN_EMPTY_BODY = YES;
				CLANG_WARN_ENUM_CONVERSION = YES;
				CLANG_WARN_INFINITE_RECURSION = YES;
				CLANG_WARN_INT_CONVERSION = YES;
				CLANG_WARN_NON_LITERAL_NULL_CONVERSION = YES;
				CLANG_WARN_OBJC_IMPLICIT_RETAIN_SELF = YES;
				CLANG_WARN_OBJC_LITERAL_CONVERSION = YES;
				CLANG_WARN_OBJC_ROOT_CLASS = YES_ERROR;
				CLANG_WARN_RANGE_LOOP_ANALYSIS = YES;
				CLANG_WARN_STRICT_PROTOTYPES = YES;
				CLANG_WARN_SUSPICIOUS_MOVE = YES;
				CLANG_WARN_UNGUARDED_AVAILABILITY = YES_AGGRESSIVE;
				CLANG_WARN_UNREACHABLE_CODE = YES;
				CLANG_WARN__DUPLICATE_METHOD_MATCH = YES;
				CODE_SIGN_IDENTITY = "iPhone Developer";
				COPY_PHASE_STRIP = NO;
				DEBUG_INFORMATION_FORMAT = dwarf;
				ENABLE_STRICT_OBJC_MSGSEND = YES;
				ENABLE_TESTABILITY = YES;
				GCC_C_LANGUAGE_STANDARD = gnu11;
				GCC_DYNAMIC_NO_PIC = NO;
				GCC_NO_COMMON_BLOCKS = YES;
				GCC_OPTIMIZATION_LEVEL = 0;
				GCC_PREPROCESSOR_DEFINITIONS = (
					"DEBUG=1",
					"$(inherited)",
				);
				GCC_WARN_64_TO_32_BIT_CONVERSION = YES;
				GCC_WARN_ABOUT_RETURN_TYPE = YES_ERROR;
				GCC_WARN_UNDECLARED_SELECTOR = YES;
				GCC_WARN_UNINITIALIZED_AUTOS = YES_AGGRESSIVE;
				GCC_WARN_UNUSED_FUNCTION = YES;
				GCC_WARN_UNUSED_VARIABLE = YES;
				IPHONEOS_DEPLOYMENT_TARGET = 11.3;
				MTL_ENABLE_DEBUG_INFO = YES;
				ONLY_ACTIVE_ARCH = YES;
				SDKROOT = iphoneos;
			};
			name = Debug;
		};
		F77FD85E20B2A70600566C01 /* Release */ = {
			isa = XCBuildConfiguration;
			buildSettings = {
				ALWAYS_SEARCH_USER_PATHS = NO;
				CLANG_ANALYZER_NONNULL = YES;
				CLANG_ANALYZER_NUMBER_OBJECT_CONVERSION = YES_AGGRESSIVE;
				CLANG_CXX_LANGUAGE_STANDARD = "gnu++14";
				CLANG_CXX_LIBRARY = "libc++";
				CLANG_ENABLE_MODULES = YES;
				CLANG_ENABLE_OBJC_ARC = YES;
				CLANG_ENABLE_OBJC_WEAK = YES;
				CLANG_WARN_BLOCK_CAPTURE_AUTORELEASING = YES;
				CLANG_WARN_BOOL_CONVERSION = YES;
				CLANG_WARN_COMMA = YES;
				CLANG_WARN_CONSTANT_CONVERSION = YES;
				CLANG_WARN_DEPRECATED_OBJC_IMPLEMENTATIONS = YES;
				CLANG_WARN_DIRECT_OBJC_ISA_USAGE = YES_ERROR;
				CLANG_WARN_DOCUMENTATION_COMMENTS = YES;
				CLANG_WARN_EMPTY_BODY = YES;
				CLANG_WARN_ENUM_CONVERSION = YES;
				CLANG_WARN_INFINITE_RECURSION = YES;
				CLANG_WARN_INT_CONVERSION = YES;
				CLANG_WARN_NON_LITERAL_NULL_CONVERSION = YES;
				CLANG_WARN_OBJC_IMPLICIT_RETAIN_SELF = YES;
				CLANG_WARN_OBJC_LITERAL_CONVERSION = YES;
				CLANG_WARN_OBJC_ROOT_CLASS = YES_ERROR;
				CLANG_WARN_RANGE_LOOP_ANALYSIS = YES;
				CLANG_WARN_STRICT_PROTOTYPES = YES;
				CLANG_WARN_SUSPICIOUS_MOVE = YES;
				CLANG_WARN_UNGUARDED_AVAILABILITY = YES_AGGRESSIVE;
				CLANG_WARN_UNREACHABLE_CODE = YES;
				CLANG_WARN__DUPLICATE_METHOD_MATCH = YES;
				CODE_SIGN_IDENTITY = "iPhone Developer";
				COPY_PHASE_STRIP = NO;
				DEBUG_INFORMATION_FORMAT = "dwarf-with-dsym";
				ENABLE_NS_ASSERTIONS = NO;
				ENABLE_STRICT_OBJC_MSGSEND = YES;
				GCC_C_LANGUAGE_STANDARD = gnu11;
				GCC_NO_COMMON_BLOCKS = YES;
				GCC_WARN_64_TO_32_BIT_CONVERSION = YES;
				GCC_WARN_ABOUT_RETURN_TYPE = YES_ERROR;
				GCC_WARN_UNDECLARED_SELECTOR = YES;
				GCC_WARN_UNINITIALIZED_AUTOS = YES_AGGRESSIVE;
				GCC_WARN_UNUSED_FUNCTION = YES;
				GCC_WARN_UNUSED_VARIABLE = YES;
				IPHONEOS_DEPLOYMENT_TARGET = 11.3;
				MTL_ENABLE_DEBUG_INFO = NO;
				SDKROOT = iphoneos;
				VALIDATE_PRODUCT = YES;
			};
			name = Release;
		};
		F77FD86020B2A70600566C01 /* Debug */ = {
			isa = XCBuildConfiguration;
			buildSettings = {
				ASSETCATALOG_COMPILER_APPICON_NAME = AppIcon;
				CODE_SIGN_STYLE = Automatic;
				INFOPLIST_FILE = RuntimeMessageForwarding/Info.plist;
				LD_RUNPATH_SEARCH_PATHS = (
					"$(inherited)",
					"@executable_path/Frameworks",
				);
				PRODUCT_BUNDLE_IDENTIFIER = leo.RuntimeMessageForwarding;
				PRODUCT_NAME = "$(TARGET_NAME)";
				TARGETED_DEVICE_FAMILY = "1,2";
			};
			name = Debug;
		};
		F77FD86120B2A70600566C01 /* Release */ = {
			isa = XCBuildConfiguration;
			buildSettings = {
				ASSETCATALOG_COMPILER_APPICON_NAME = AppIcon;
				CODE_SIGN_STYLE = Automatic;
				INFOPLIST_FILE = RuntimeMessageForwarding/Info.plist;
				LD_RUNPATH_SEARCH_PATHS = (
					"$(inherited)",
					"@executable_path/Frameworks",
				);
				PRODUCT_BUNDLE_IDENTIFIER = leo.RuntimeMessageForwarding;
				PRODUCT_NAME = "$(TARGET_NAME)";
				TARGETED_DEVICE_FAMILY = "1,2";
			};
			name = Release;
		};
/* End XCBuildConfiguration section */

/* Begin XCConfigurationList section */
		F77FD84420B2A70300566C01 /* Build configuration list for PBXProject "RuntimeMessageForwarding" */ = {
			isa = XCConfigurationList;
			buildConfigurations = (
				F77FD85D20B2A70600566C01 /* Debug */,
				F77FD85E20B2A70600566C01 /* Release */,
			);
			defaultConfigurationIsVisible = 0;
			defaultConfigurationName = Release;
		};
		F77FD85F20B2A70600566C01 /* Build configuration list for PBXNativeTarget "RuntimeMessageForwarding" */ = {
			isa = XCConfigurationList;
			buildConfigurations = (
				F77FD86020B2A70600566C01 /* Debug */,
				F77FD86120B2A70600566C01 /* Release */,
			);
			defaultConfigurationIsVisible = 0;
			defaultConfigurationName = Release;
		};
/* End XCConfigurationList section */
	};
	rootObject = F77FD84120B2A70300566C01 /* Project object */;
}
